
Microsoft Visual Studio Solution File, Format Version 12.00
# Visual Studio Version 17
VisualStudioVersion = 17.11.35312.102
MinimumVisualStudioVersion = 10.0.40219.1
Project("{FAE04EC0-301F-11D3-BF4B-00C04F79EFBC}") = "online-coffee", "online-coffee.csproj", "{774456BF-B9D2-45B1-889C-D1B4F11A401E}"
EndProject
Global
	GlobalSection(SolutionConfigurationPlatforms) = preSolution
		Debug|Any CPU = Debug|Any CPU
		Release|Any CPU = Release|Any CPU
	EndGlobalSection
	GlobalSection(ProjectConfigurationPlatforms) = postSolution
		{774456BF-B9D2-45B1-889C-D1B4F11A401E}.Debug|Any CPU.ActiveCfg = Debug|Any CPU
		{774456BF-B9D2-45B1-889C-D1B4F11A401E}.Debug|Any CPU.Build.0 = Debug|Any CPU
		{774456BF-B9D2-45B1-889C-D1B4F11A401E}.Release|Any CPU.ActiveCfg = Release|Any CPU
		{774456BF-B9D2-45B1-889C-D1B4F11A401E}.Release|Any CPU.Build.0 = Release|Any CPU
	EndGlobalSection
	GlobalSection(SolutionProperties) = preSolution
		HideSolutionNode = FALSE
	EndGlobalSection
	GlobalSection(ExtensibilityGlobals) = postSolution
		SolutionGuid = {F0507328-CCFF-40E1-8548-424A4AA72277}
	EndGlobalSection
EndGlobal
